
Microsoft Visual Studio Solution File, Format Version 12.00
# Visual Studio Version 16
VisualStudioVersion = 16.0.35130.168
MinimumVisualStudioVersion = 10.0.40219.1
Project("{FAE04EC0-301F-11D3-BF4B-00C04F79EFBC}") = "instrukcjeipetle", "instrukcjeipetle\instrukcjeipetle.csproj", "{65CD8C88-0A3E-4FCC-B327-6CE8C9E1DEC9}"
EndProject
Global
	GlobalSection(SolutionConfigurationPlatforms) = preSolution
		Debug|Any CPU = Debug|Any CPU
		Release|Any CPU = Release|Any CPU
	EndGlobalSection
	GlobalSection(ProjectConfigurationPlatforms) = postSolution
		{65CD8C88-0A3E-4FCC-B327-6CE8C9E1DEC9}.Debug|Any CPU.ActiveCfg = Debug|Any CPU
		{65CD8C88-0A3E-4FCC-B327-6CE8C9E1DEC9}.Debug|Any CPU.Build.0 = Debug|Any CPU
		{65CD8C88-0A3E-4FCC-B327-6CE8C9E1DEC9}.Release|Any CPU.ActiveCfg = Release|Any CPU
		{65CD8C88-0A3E-4FCC-B327-6CE8C9E1DEC9}.Release|Any CPU.Build.0 = Release|Any CPU
	EndGlobalSection
	GlobalSection(SolutionProperties) = preSolution
		HideSolutionNode = FALSE
	EndGlobalSection
	GlobalSection(ExtensibilityGlobals) = postSolution
		SolutionGuid = {A66E7271-1EF6-497C-817F-51FE2199B2C2}
	EndGlobalSection
EndGlobal
